
Microsoft Visual Studio Solution File, Format Version 12.00
# Visual Studio Version 16
VisualStudioVersion = 16.0.31402.337
MinimumVisualStudioVersion = 10.0.40219.1
Project("{FAE04EC0-301F-11D3-BF4B-00C04F79EFBC}") = "FluentAssertions.Properties", "FluentAssertions.Properties\FluentAssertions.Properties.csproj", "{0D95E585-32D4-4D2A-8840-628FAAAD927F}"
EndProject
Project("{FAE04EC0-301F-11D3-BF4B-00C04F79EFBC}") = "FluentAssertions.Properties.Tests", "FluentAssertions.Properties.Tests\FluentAssertions.Properties.Tests.csproj", "{BB057172-6B8B-42EF-86CC-189F9E2A90CE}"
EndProject
Global
	GlobalSection(SolutionConfigurationPlatforms) = preSolution
		Debug|Any CPU = Debug|Any CPU
		Release|Any CPU = Release|Any CPU
	EndGlobalSection
	GlobalSection(ProjectConfigurationPlatforms) = postSolution
		{0D95E585-32D4-4D2A-8840-628FAAAD927F}.Debug|Any CPU.ActiveCfg = Debug|Any CPU
		{0D95E585-32D4-4D2A-8840-628FAAAD927F}.Debug|Any CPU.Build.0 = Debug|Any CPU
		{0D95E585-32D4-4D2A-8840-628FAAAD927F}.Release|Any CPU.ActiveCfg = Release|Any CPU
		{0D95E585-32D4-4D2A-8840-628FAAAD927F}.Release|Any CPU.Build.0 = Release|Any CPU
		{BB057172-6B8B-42EF-86CC-189F9E2A90CE}.Debug|Any CPU.ActiveCfg = Debug|Any CPU
		{BB057172-6B8B-42EF-86CC-189F9E2A90CE}.Debug|Any CPU.Build.0 = Debug|Any CPU
		{BB057172-6B8B-42EF-86CC-189F9E2A90CE}.Release|Any CPU.ActiveCfg = Release|Any CPU
		{BB057172-6B8B-42EF-86CC-189F9E2A90CE}.Release|Any CPU.Build.0 = Release|Any CPU
	EndGlobalSection
	GlobalSection(SolutionProperties) = preSolution
		HideSolutionNode = FALSE
	EndGlobalSection
	GlobalSection(ExtensibilityGlobals) = postSolution
		SolutionGuid = {A1C824C8-312D-40FA-AA2B-7BA1850D86B3}
	EndGlobalSection
EndGlobal
